
Microsoft Visual Studio Solution File, Format Version 10.00
# Visual Studio 2008
Project("{FAE04EC0-301F-11D3-BF4B-00C04F79EFBC}") = "test", "test\test.csproj", "{58C8533B-6B23-4269-ACC2-E935BC6F9A14}"
EndProject
Global
	GlobalSection(SolutionConfigurationPlatforms) = preSolution
		Debug|x86 = Debug|x86
		Release|x86 = Release|x86
	EndGlobalSection
	GlobalSection(ProjectConfigurationPlatforms) = postSolution
		{58C8533B-6B23-4269-ACC2-E935BC6F9A14}.Debug|x86.ActiveCfg = Debug|x86
		{58C8533B-6B23-4269-ACC2-E935BC6F9A14}.Debug|x86.Build.0 = Debug|x86
		{58C8533B-6B23-4269-ACC2-E935BC6F9A14}.Release|x86.ActiveCfg = Release|x86
		{58C8533B-6B23-4269-ACC2-E935BC6F9A14}.Release|x86.Build.0 = Release|x86
	EndGlobalSection
	GlobalSection(MonoDevelopProperties) = preSolution
		StartupItem = test\test.csproj
	EndGlobalSection
EndGlobal
