
Microsoft Visual Studio Solution File, Format Version 10.00
# Visual Studio 2008
Project("{FAE04EC0-301F-11D3-BF4B-00C04F79EFBC}") = "object3", "object3\object3.csproj", "{3BDFC52C-9F97-478C-A1D0-076D35A441B1}"
EndProject
Global
	GlobalSection(SolutionConfigurationPlatforms) = preSolution
		Debug|x86 = Debug|x86
		Release|x86 = Release|x86
	EndGlobalSection
	GlobalSection(ProjectConfigurationPlatforms) = postSolution
		{3BDFC52C-9F97-478C-A1D0-076D35A441B1}.Debug|x86.ActiveCfg = Debug|x86
		{3BDFC52C-9F97-478C-A1D0-076D35A441B1}.Debug|x86.Build.0 = Debug|x86
		{3BDFC52C-9F97-478C-A1D0-076D35A441B1}.Release|x86.ActiveCfg = Release|x86
		{3BDFC52C-9F97-478C-A1D0-076D35A441B1}.Release|x86.Build.0 = Release|x86
	EndGlobalSection
	GlobalSection(MonoDevelopProperties) = preSolution
		StartupItem = object3\object3.csproj
	EndGlobalSection
EndGlobal
